
Microsoft Visual Studio Solution File, Format Version 12.00
# Visual Studio Version 17
VisualStudioVersion = 17.7.34024.191
MinimumVisualStudioVersion = 10.0.40219.1
Project("{2150E333-8FDC-42A3-9474-1A3956D46DE8}") = "src", "src", "{497C946C-8656-4ACF-819A-7F1F6495E18F}"
EndProject
Project("{2150E333-8FDC-42A3-9474-1A3956D46DE8}") = "tests", "tests", "{5E55E8B1-7156-450A-BC26-F820EB24F940}"
EndProject
Project("{2150E333-8FDC-42A3-9474-1A3956D46DE8}") = "docs", "docs", "{0C8778E7-00A1-4F47-955D-CE2322749791}"
EndProject
Project("{2150E333-8FDC-42A3-9474-1A3956D46DE8}") = "Web", "Web", "{8A3E67A4-93DC-497E-AE2D-D9A2D6DA0F08}"
EndProject
Project("{2150E333-8FDC-42A3-9474-1A3956D46DE8}") = "API", "API", "{C0AA9CCD-B7A4-425F-BA9A-4C199BB249CD}"
EndProject
Project("{2150E333-8FDC-42A3-9474-1A3956D46DE8}") = "UI", "UI", "{788360F0-D3BA-49DF-875F-7B17722CF76C}"
EndProject
Project("{9A19103F-16F7-4668-BE54-9A1E7A4F7556}") = "Domain", "src\Domain\Domain.csproj", "{2BB326E7-B17E-4424-8F22-2565F4DC598B}"
EndProject
Project("{9A19103F-16F7-4668-BE54-9A1E7A4F7556}") = "Application", "src\Application\Application.csproj", "{5DE5B724-BD21-46A8-B389-E1050E291685}"
EndProject
Project("{9A19103F-16F7-4668-BE54-9A1E7A4F7556}") = "Infrastructure", "src\Infrastructure\Infrastructure.csproj", "{C1B8B2C2-3150-48FA-92BD-79661A8326BA}"
EndProject
Project("{9A19103F-16F7-4668-BE54-9A1E7A4F7556}") = "Domain.UnitTests", "tests\Domain.UnitTests\Domain.UnitTests.csproj", "{23F32159-6898-4124-8F34-7C8CD1D4F30F}"
EndProject
Project("{9A19103F-16F7-4668-BE54-9A1E7A4F7556}") = "Application.UnitTests", "tests\Application.UnitTests\Application.UnitTests.csproj", "{5B0E1C1D-D60C-44F2-AC6A-DC2B2F5CE576}"
EndProject
Project("{9A19103F-16F7-4668-BE54-9A1E7A4F7556}") = "Application.IntegrationTests", "tests\Application.IntegrationTests\Application.IntegrationTests.csproj", "{DA028953-B5A7-499E-8A90-C8873D489DE4}"
EndProject
Project("{9A19103F-16F7-4668-BE54-9A1E7A4F7556}") = "WebUI.AcceptanceTests", "tests\WebUI.AcceptanceTests\WebUI.AcceptanceTests.csproj", "{619E21CC-F251-449E-9DAA-75270E76D6EF}"
EndProject
Project("{9A19103F-16F7-4668-BE54-9A1E7A4F7556}") = "WebApi", "src\Web\API\WebApi\WebApi.csproj", "{5B7DF629-5F0A-42D9-B9FF-D56A082118C9}"
EndProject
Global
	GlobalSection(SolutionConfigurationPlatforms) = preSolution
		Debug|Any CPU = Debug|Any CPU
		Release|Any CPU = Release|Any CPU
	EndGlobalSection
	GlobalSection(ProjectConfigurationPlatforms) = postSolution
		{2BB326E7-B17E-4424-8F22-2565F4DC598B}.Debug|Any CPU.ActiveCfg = Debug|Any CPU
		{2BB326E7-B17E-4424-8F22-2565F4DC598B}.Debug|Any CPU.Build.0 = Debug|Any CPU
		{2BB326E7-B17E-4424-8F22-2565F4DC598B}.Release|Any CPU.ActiveCfg = Release|Any CPU
		{2BB326E7-B17E-4424-8F22-2565F4DC598B}.Release|Any CPU.Build.0 = Release|Any CPU
		{5DE5B724-BD21-46A8-B389-E1050E291685}.Debug|Any CPU.ActiveCfg = Debug|Any CPU
		{5DE5B724-BD21-46A8-B389-E1050E291685}.Debug|Any CPU.Build.0 = Debug|Any CPU
		{5DE5B724-BD21-46A8-B389-E1050E291685}.Release|Any CPU.ActiveCfg = Release|Any CPU
		{5DE5B724-BD21-46A8-B389-E1050E291685}.Release|Any CPU.Build.0 = Release|Any CPU
		{C1B8B2C2-3150-48FA-92BD-79661A8326BA}.Debug|Any CPU.ActiveCfg = Debug|Any CPU
		{C1B8B2C2-3150-48FA-92BD-79661A8326BA}.Debug|Any CPU.Build.0 = Debug|Any CPU
		{C1B8B2C2-3150-48FA-92BD-79661A8326BA}.Release|Any CPU.ActiveCfg = Release|Any CPU
		{C1B8B2C2-3150-48FA-92BD-79661A8326BA}.Release|Any CPU.Build.0 = Release|Any CPU
		{23F32159-6898-4124-8F34-7C8CD1D4F30F}.Debug|Any CPU.ActiveCfg = Debug|Any CPU
		{23F32159-6898-4124-8F34-7C8CD1D4F30F}.Debug|Any CPU.Build.0 = Debug|Any CPU
		{23F32159-6898-4124-8F34-7C8CD1D4F30F}.Release|Any CPU.ActiveCfg = Release|Any CPU
		{23F32159-6898-4124-8F34-7C8CD1D4F30F}.Release|Any CPU.Build.0 = Release|Any CPU
		{5B0E1C1D-D60C-44F2-AC6A-DC2B2F5CE576}.Debug|Any CPU.ActiveCfg = Debug|Any CPU
		{5B0E1C1D-D60C-44F2-AC6A-DC2B2F5CE576}.Debug|Any CPU.Build.0 = Debug|Any CPU
		{5B0E1C1D-D60C-44F2-AC6A-DC2B2F5CE576}.Release|Any CPU.ActiveCfg = Release|Any CPU
		{5B0E1C1D-D60C-44F2-AC6A-DC2B2F5CE576}.Release|Any CPU.Build.0 = Release|Any CPU
		{DA028953-B5A7-499E-8A90-C8873D489DE4}.Debug|Any CPU.ActiveCfg = Debug|Any CPU
		{DA028953-B5A7-499E-8A90-C8873D489DE4}.Debug|Any CPU.Build.0 = Debug|Any CPU
		{DA028953-B5A7-499E-8A90-C8873D489DE4}.Release|Any CPU.ActiveCfg = Release|Any CPU
		{DA028953-B5A7-499E-8A90-C8873D489DE4}.Release|Any CPU.Build.0 = Release|Any CPU
		{619E21CC-F251-449E-9DAA-75270E76D6EF}.Debug|Any CPU.ActiveCfg = Debug|Any CPU
		{619E21CC-F251-449E-9DAA-75270E76D6EF}.Debug|Any CPU.Build.0 = Debug|Any CPU
		{619E21CC-F251-449E-9DAA-75270E76D6EF}.Release|Any CPU.ActiveCfg = Release|Any CPU
		{619E21CC-F251-449E-9DAA-75270E76D6EF}.Release|Any CPU.Build.0 = Release|Any CPU
		{5B7DF629-5F0A-42D9-B9FF-D56A082118C9}.Debug|Any CPU.ActiveCfg = Debug|Any CPU
		{5B7DF629-5F0A-42D9-B9FF-D56A082118C9}.Debug|Any CPU.Build.0 = Debug|Any CPU
		{5B7DF629-5F0A-42D9-B9FF-D56A082118C9}.Release|Any CPU.ActiveCfg = Release|Any CPU
		{5B7DF629-5F0A-42D9-B9FF-D56A082118C9}.Release|Any CPU.Build.0 = Release|Any CPU
	EndGlobalSection
	GlobalSection(SolutionProperties) = preSolution
		HideSolutionNode = FALSE
	EndGlobalSection
	GlobalSection(NestedProjects) = preSolution
		{8A3E67A4-93DC-497E-AE2D-D9A2D6DA0F08} = {497C946C-8656-4ACF-819A-7F1F6495E18F}
		{C0AA9CCD-B7A4-425F-BA9A-4C199BB249CD} = {8A3E67A4-93DC-497E-AE2D-D9A2D6DA0F08}
		{788360F0-D3BA-49DF-875F-7B17722CF76C} = {8A3E67A4-93DC-497E-AE2D-D9A2D6DA0F08}
		{2BB326E7-B17E-4424-8F22-2565F4DC598B} = {497C946C-8656-4ACF-819A-7F1F6495E18F}
		{5DE5B724-BD21-46A8-B389-E1050E291685} = {497C946C-8656-4ACF-819A-7F1F6495E18F}
		{C1B8B2C2-3150-48FA-92BD-79661A8326BA} = {497C946C-8656-4ACF-819A-7F1F6495E18F}
		{23F32159-6898-4124-8F34-7C8CD1D4F30F} = {5E55E8B1-7156-450A-BC26-F820EB24F940}
		{5B0E1C1D-D60C-44F2-AC6A-DC2B2F5CE576} = {5E55E8B1-7156-450A-BC26-F820EB24F940}
		{DA028953-B5A7-499E-8A90-C8873D489DE4} = {5E55E8B1-7156-450A-BC26-F820EB24F940}
		{619E21CC-F251-449E-9DAA-75270E76D6EF} = {5E55E8B1-7156-450A-BC26-F820EB24F940}
		{5B7DF629-5F0A-42D9-B9FF-D56A082118C9} = {C0AA9CCD-B7A4-425F-BA9A-4C199BB249CD}
	EndGlobalSection
	GlobalSection(ExtensibilityGlobals) = postSolution
		SolutionGuid = {5BCFF145-4482-40AC-ADF0-3F78E36D5EE0}
	EndGlobalSection
EndGlobal
